# THIS IS AN AUTOGENERATED FILE. DO NOT EDIT THIS FILE DIRECTLY.
# yarn lockfile v1


clsx@^2.1.1:
  version "2.1.1"
  resolved "https://registry.npmjs.org/clsx/-/clsx-2.1.1.tgz"
  integrity sha512-eYm0QWBtUrBWZWG0d386OGAw16Z995PiOVo2B7bjWSbHedGl5e0ZWaq65kOGgUSNesEIDkB9ISbTg/JK9dhCZA==

framer-motion@^12.26.2:
  version "12.26.2"
  resolved "https://registry.npmjs.org/framer-motion/-/framer-motion-12.26.2.tgz"
  integrity sha512-lflOQEdjquUi9sCg5Y1LrsZDlsjrHw7m0T9Yedvnk7Bnhqfkc89/Uha10J3CFhkL+TCZVCRw9eUGyM/lyYhXQA==
  dependencies:
    motion-dom "^12.26.2"
    motion-utils "^12.24.10"
    tslib "^2.4.0"

fsevents@2.3.2:
  version "2.3.2"
  resolved "https://registry.npmjs.org/fsevents/-/fsevents-2.3.2.tgz"
  integrity sha512-xiqMQR4xAeHTuB9uWm+fFRcIOgKBMiOBP+eXiyT7jsgVCq1bkVygt00oASowB7EdtpOHaaPgKt812P9ab+DDKA==

lucide-react@^0.562.0:
  version "0.562.0"
  resolved "https://registry.npmjs.org/lucide-react/-/lucide-react-0.562.0.tgz"
  integrity sha512-82hOAu7y0dbVuFfmO4bYF1XEwYk/mEbM5E+b1jgci/udUBEE/R7LF5Ip0CCEmXe8AybRM8L+04eP+LGZeDvkiw==

motion-dom@^12.26.2:
  version "12.26.2"
  resolved "https://registry.npmjs.org/motion-dom/-/motion-dom-12.26.2.tgz"
  integrity sha512-KLMT1BroY8oKNeliA3JMNJ+nbCIsTKg6hJpDb4jtRAJ7nCKnnpg/LTq/NGqG90Limitz3kdAnAVXecdFVGlWTw==
  dependencies:
    motion-utils "^12.24.10"

motion-utils@^12.24.10:
  version "12.24.10"
  resolved "https://registry.npmjs.org/motion-utils/-/motion-utils-12.24.10.tgz"
  integrity sha512-x5TFgkCIP4pPsRLpKoI86jv/q8t8FQOiM/0E8QKBzfMozWHfkKap2gA1hOki+B5g3IsBNpxbUnfOum1+dgvYww==

playwright-core@1.58.2:
  version "1.58.2"
  resolved "https://registry.npmjs.org/playwright-core/-/playwright-core-1.58.2.tgz"
  integrity sha512-yZkEtftgwS8CsfYo7nm0KE8jsvm6i/PTgVtB8DL726wNf6H2IMsDuxCpJj59KDaxCtSnrWan2AeDqM7JBaultg==

playwright@^1.58.2:
  version "1.58.2"
  resolved "https://registry.npmjs.org/playwright/-/playwright-1.58.2.tgz"
  integrity sha512-vA30H8Nvkq/cPBnNw4Q8TWz1EJyqgpuinBcHET0YVJVFldr8JDNiU9LaWAE1KqSkRYazuaBhTpB5ZzShOezQ6A==
  dependencies:
    playwright-core "1.58.2"
  optionalDependencies:
    fsevents "2.3.2"

react-hook-form@^7.71.1:
  version "7.71.1"
  resolved "https://registry.npmjs.org/react-hook-form/-/react-hook-form-7.71.1.tgz"
  integrity sha512-9SUJKCGKo8HUSsCO+y0CtqkqI5nNuaDqTxyqPsZPqIwudpj4rCrAz/jZV+jn57bx5gtZKOh3neQu94DXMc+w5w==

"react@^16.5.1 || ^17.0.0 || ^18.0.0 || ^19.0.0", "react@^16.8.0 || ^17 || ^18 || ^19", "react@^18.0.0 || ^19.0.0":
  version "19.2.3"
  resolved "https://registry.npmjs.org/react/-/react-19.2.3.tgz"
  integrity sha512-Ku/hhYbVjOQnXDZFv2+RibmLFGwFdeeKHFcOTlrt7xplBnya5OGn/hIRDsqDiSUcfORsDC7MPxwork8jBwsIWA==

tailwind-merge@^3.4.0:
  version "3.4.0"
  resolved "https://registry.npmjs.org/tailwind-merge/-/tailwind-merge-3.4.0.tgz"
  integrity sha512-uSaO4gnW+b3Y2aWoWfFpX62vn2sR3skfhbjsEnaBI81WD1wBLlHZe5sWf0AqjksNdYTbGBEd0UasQMT3SNV15g==

tslib@^2.4.0:
  version "2.8.1"
  resolved "https://registry.npmjs.org/tslib/-/tslib-2.8.1.tgz"
  integrity sha512-oJFu94HQb+KVduSUQL7wnpmqnfmLsOA/nAh6b6EH0wCEoK0/mPeXU6c3wKDV83MkOuHPRHtSXKKU99IBazS/2w==

typescript@^5.9.3:
  version "5.9.3"
  resolved "https://registry.npmjs.org/typescript/-/typescript-5.9.3.tgz"
  integrity sha512-jl1vZzPDinLr9eUt3J/t7V6FgNEw9QjvBPdysz9KfQDD41fQrC2Y4vKQdiaUpFT4bXlb1RHhLpp8wtm6M5TgSw==
